
Microsoft Visual Studio Solution File, Format Version 12.00
# Visual Studio Version 16
VisualStudioVersion = 16.0.31911.196
MinimumVisualStudioVersion = 10.0.40219.1
Project("{2150E333-8FDC-42A3-9474-1A3956D46DE8}") = "MianWindows", "MianWindows", "{BB9ABAD6-04C8-49C0-87F2-161282402E77}"
EndProject
Project("{2150E333-8FDC-42A3-9474-1A3956D46DE8}") = "Plugin", "Plugin", "{F6320EEC-8897-4120-8F93-0F47D9119BC5}"
EndProject
Project("{2150E333-8FDC-42A3-9474-1A3956D46DE8}") = "1 ImageProcess", "1 ImageProcess", "{01D864A5-9BA6-4EA0-AD1B-356D499A8A69}"
EndProject
Project("{8BC9CEB8-8B4A-11D0-8D11-00A0C91BC942}") = "YoloV11Detect", "VisualFram2D\Plugin\ImageProcess\YoloV11Detect\YoloV11Detect\YoloV11Detect.vcxproj", "{3EB7137A-CAB6-4111-A3B6-0A63E54174FE}"
EndProject
Project("{8BC9CEB8-8B4A-11D0-8D11-00A0C91BC942}") = "YoloV11Pose", "VisualFram2D\Plugin\ImageProcess\YoloV11Pose\YoloV11Pose\YoloV11Pose.vcxproj", "{3C95AB7A-1F33-47EB-AE7B-F66B061A7F3A}"
EndProject
Project("{8BC9CEB8-8B4A-11D0-8D11-00A0C91BC942}") = "YoloV11Segment", "VisualFram2D\Plugin\ImageProcess\YoloV11Segment\YoloV11Segment\YoloV11Segment.vcxproj", "{6C27F138-6E77-4737-A681-AE18A3916284}"
EndProject
Project("{8BC9CEB8-8B4A-11D0-8D11-00A0C91BC942}") = "PoseC3D", "VisualFram2D\Plugin\ImageProcess\PoseC3D\PoseC3D\PoseC3D.vcxproj", "{7AD6ABA6-D9BA-4856-B5CF-C0C3B3064979}"
EndProject
Project("{2150E333-8FDC-42A3-9474-1A3956D46DE8}") = "2 Communication", "2 Communication", "{4BE915D6-EBC5-4510-8749-56D595D74693}"
EndProject
Project("{8BC9CEB8-8B4A-11D0-8D11-00A0C91BC942}") = "ExternalDeviceRead", "VisualFram2D\Plugin\Communication\ExternalDeviceRead\ExternalDeviceRead\ExternalDeviceRead.vcxproj", "{40981D7A-EE74-48CE-A848-9C4F77C52F62}"
EndProject
Project("{8BC9CEB8-8B4A-11D0-8D11-00A0C91BC942}") = "ExternalDeviceWrite", "VisualFram2D\Plugin\Communication\ExternalDeviceWrite\ExternalDeviceWrite\ExternalDeviceWrite.vcxproj", "{5B448017-3F97-4DB9-9BD6-E6F3D9983005}"
EndProject
Project("{8BC9CEB8-8B4A-11D0-8D11-00A0C91BC942}") = "StandardOperatingProcedureReport", "VisualFram2D\Plugin\StandardOperatingProcedureReport\StandardOperatingProcedureReport\StandardOperatingProcedureReport.vcxproj", "{B6655470-2D92-4C5D-BEB4-502D449A612D}"
EndProject
Project("{8BC9CEB8-8B4A-11D0-8D11-00A0C91BC942}") = "ResultStateJudgment", "VisualFram2D\Plugin\ResultStateJudgment\ResultStateJudgment\ResultStateJudgment.vcxproj", "{AFF42E72-182F-436E-8FEF-DF05524885C0}"
EndProject
Project("{8BC9CEB8-8B4A-11D0-8D11-00A0C91BC942}") = "ImageROISelection", "VisualFram2D\Plugin\ImageROISelection\ImageROISelection\ImageROISelection.vcxproj", "{20407A9F-5566-4283-B57D-C4DB02E57800}"
EndProject
Project("{8BC9CEB8-8B4A-11D0-8D11-00A0C91BC942}") = "1.1 ImageSource", "VisualFram2D\Plugin\ImageProcess\ImageSource\ImageSource\ImageSource.vcxproj", "{8758C7EE-EBDA-4D48-B29C-5C22BBB1FB02}"
EndProject
Project("{8BC9CEB8-8B4A-11D0-8D11-00A0C91BC942}") = "ImageShow", "VisualFram2D\Plugin\ImageShow\ImageShow\ImageShow.vcxproj", "{E9798BE9-FBB1-48D1-A501-6AA234C9156D}"
EndProject
Project("{8BC9CEB8-8B4A-11D0-8D11-00A0C91BC942}") = "FramImageActionOrder", "VisualFram2D\Plugin\FramImageActionOrder\FramImageActionOrder\FramImageActionOrder\FramImageActionOrder.vcxproj", "{2DEAE56C-A56F-4722-B7BC-F35672243E9A}"
EndProject
Project("{8BC9CEB8-8B4A-11D0-8D11-00A0C91BC942}") = "FramImageDuration", "VisualFram2D\Plugin\FramImageDuration\FramImageDuration\FramImageDuration\FramImageDuration.vcxproj", "{51AB855B-A646-4E42-9833-E513C35E9EE4}"
EndProject
Project("{8BC9CEB8-8B4A-11D0-8D11-00A0C91BC942}") = "MianWindows", "VisualFram2D\MianWindows\MianWindows\MianWindows.vcxproj", "{217FEF64-1625-4DE2-AC44-A531103C5843}"
EndProject
Global
	GlobalSection(SolutionConfigurationPlatforms) = preSolution
		Debug|x64 = Debug|x64
		Debug|x86 = Debug|x86
		Release|x64 = Release|x64
		Release|x86 = Release|x86
	EndGlobalSection
	GlobalSection(ProjectConfigurationPlatforms) = postSolution
		{3EB7137A-CAB6-4111-A3B6-0A63E54174FE}.Debug|x64.ActiveCfg = Debug|x64
		{3EB7137A-CAB6-4111-A3B6-0A63E54174FE}.Debug|x64.Build.0 = Debug|x64
		{3EB7137A-CAB6-4111-A3B6-0A63E54174FE}.Debug|x86.ActiveCfg = Debug|x64
		{3EB7137A-CAB6-4111-A3B6-0A63E54174FE}.Release|x64.ActiveCfg = Release|x64
		{3EB7137A-CAB6-4111-A3B6-0A63E54174FE}.Release|x64.Build.0 = Release|x64
		{3EB7137A-CAB6-4111-A3B6-0A63E54174FE}.Release|x86.ActiveCfg = Release|x64
		{3C95AB7A-1F33-47EB-AE7B-F66B061A7F3A}.Debug|x64.ActiveCfg = Debug|x64
		{3C95AB7A-1F33-47EB-AE7B-F66B061A7F3A}.Debug|x64.Build.0 = Debug|x64
		{3C95AB7A-1F33-47EB-AE7B-F66B061A7F3A}.Debug|x86.ActiveCfg = Debug|x64
		{3C95AB7A-1F33-47EB-AE7B-F66B061A7F3A}.Release|x64.ActiveCfg = Release|x64
		{3C95AB7A-1F33-47EB-AE7B-F66B061A7F3A}.Release|x64.Build.0 = Release|x64
		{3C95AB7A-1F33-47EB-AE7B-F66B061A7F3A}.Release|x86.ActiveCfg = Release|x64
		{6C27F138-6E77-4737-A681-AE18A3916284}.Debug|x64.ActiveCfg = Debug|x64
		{6C27F138-6E77-4737-A681-AE18A3916284}.Debug|x64.Build.0 = Debug|x64
		{6C27F138-6E77-4737-A681-AE18A3916284}.Debug|x86.ActiveCfg = Debug|x64
		{6C27F138-6E77-4737-A681-AE18A3916284}.Release|x64.ActiveCfg = Release|x64
		{6C27F138-6E77-4737-A681-AE18A3916284}.Release|x64.Build.0 = Release|x64
		{6C27F138-6E77-4737-A681-AE18A3916284}.Release|x86.ActiveCfg = Release|x64
		{7AD6ABA6-D9BA-4856-B5CF-C0C3B3064979}.Debug|x64.ActiveCfg = Debug|x64
		{7AD6ABA6-D9BA-4856-B5CF-C0C3B3064979}.Debug|x64.Build.0 = Debug|x64
		{7AD6ABA6-D9BA-4856-B5CF-C0C3B3064979}.Debug|x86.ActiveCfg = Debug|x64
		{7AD6ABA6-D9BA-4856-B5CF-C0C3B3064979}.Release|x64.ActiveCfg = Release|x64
		{7AD6ABA6-D9BA-4856-B5CF-C0C3B3064979}.Release|x64.Build.0 = Release|x64
		{7AD6ABA6-D9BA-4856-B5CF-C0C3B3064979}.Release|x86.ActiveCfg = Release|x64
		{40981D7A-EE74-48CE-A848-9C4F77C52F62}.Debug|x64.ActiveCfg = Debug|x64
		{40981D7A-EE74-48CE-A848-9C4F77C52F62}.Debug|x64.Build.0 = Debug|x64
		{40981D7A-EE74-48CE-A848-9C4F77C52F62}.Debug|x86.ActiveCfg = Debug|x64
		{40981D7A-EE74-48CE-A848-9C4F77C52F62}.Release|x64.ActiveCfg = Release|x64
		{40981D7A-EE74-48CE-A848-9C4F77C52F62}.Release|x64.Build.0 = Release|x64
		{40981D7A-EE74-48CE-A848-9C4F77C52F62}.Release|x86.ActiveCfg = Release|x64
		{5B448017-3F97-4DB9-9BD6-E6F3D9983005}.Debug|x64.ActiveCfg = Debug|x64
		{5B448017-3F97-4DB9-9BD6-E6F3D9983005}.Debug|x64.Build.0 = Debug|x64
		{5B448017-3F97-4DB9-9BD6-E6F3D9983005}.Debug|x86.ActiveCfg = Debug|x64
		{5B448017-3F97-4DB9-9BD6-E6F3D9983005}.Release|x64.ActiveCfg = Release|x64
		{5B448017-3F97-4DB9-9BD6-E6F3D9983005}.Release|x64.Build.0 = Release|x64
		{5B448017-3F97-4DB9-9BD6-E6F3D9983005}.Release|x86.ActiveCfg = Release|x64
		{B6655470-2D92-4C5D-BEB4-502D449A612D}.Debug|x64.ActiveCfg = Debug|x64
		{B6655470-2D92-4C5D-BEB4-502D449A612D}.Debug|x64.Build.0 = Debug|x64
		{B6655470-2D92-4C5D-BEB4-502D449A612D}.Debug|x86.ActiveCfg = Debug|x64
		{B6655470-2D92-4C5D-BEB4-502D449A612D}.Release|x64.ActiveCfg = Release|x64
		{B6655470-2D92-4C5D-BEB4-502D449A612D}.Release|x64.Build.0 = Release|x64
		{B6655470-2D92-4C5D-BEB4-502D449A612D}.Release|x86.ActiveCfg = Release|x64
		{AFF42E72-182F-436E-8FEF-DF05524885C0}.Debug|x64.ActiveCfg = Debug|x64
		{AFF42E72-182F-436E-8FEF-DF05524885C0}.Debug|x64.Build.0 = Debug|x64
		{AFF42E72-182F-436E-8FEF-DF05524885C0}.Debug|x86.ActiveCfg = Debug|x64
		{AFF42E72-182F-436E-8FEF-DF05524885C0}.Release|x64.ActiveCfg = Release|x64
		{AFF42E72-182F-436E-8FEF-DF05524885C0}.Release|x64.Build.0 = Release|x64
		{AFF42E72-182F-436E-8FEF-DF05524885C0}.Release|x86.ActiveCfg = Release|x64
		{20407A9F-5566-4283-B57D-C4DB02E57800}.Debug|x64.ActiveCfg = Debug|x64
		{20407A9F-5566-4283-B57D-C4DB02E57800}.Debug|x64.Build.0 = Debug|x64
		{20407A9F-5566-4283-B57D-C4DB02E57800}.Debug|x86.ActiveCfg = Debug|x64
		{20407A9F-5566-4283-B57D-C4DB02E57800}.Release|x64.ActiveCfg = Release|x64
		{20407A9F-5566-4283-B57D-C4DB02E57800}.Release|x64.Build.0 = Release|x64
		{20407A9F-5566-4283-B57D-C4DB02E57800}.Release|x86.ActiveCfg = Release|x64
		{8758C7EE-EBDA-4D48-B29C-5C22BBB1FB02}.Debug|x64.ActiveCfg = Debug|x64
		{8758C7EE-EBDA-4D48-B29C-5C22BBB1FB02}.Debug|x64.Build.0 = Debug|x64
		{8758C7EE-EBDA-4D48-B29C-5C22BBB1FB02}.Debug|x86.ActiveCfg = Debug|x64
		{8758C7EE-EBDA-4D48-B29C-5C22BBB1FB02}.Debug|x86.Build.0 = Debug|x64
		{8758C7EE-EBDA-4D48-B29C-5C22BBB1FB02}.Release|x64.ActiveCfg = Release|x64
		{8758C7EE-EBDA-4D48-B29C-5C22BBB1FB02}.Release|x64.Build.0 = Release|x64
		{8758C7EE-EBDA-4D48-B29C-5C22BBB1FB02}.Release|x86.ActiveCfg = Release|x64
		{8758C7EE-EBDA-4D48-B29C-5C22BBB1FB02}.Release|x86.Build.0 = Release|x64
		{E9798BE9-FBB1-48D1-A501-6AA234C9156D}.Debug|x64.ActiveCfg = Debug|x64
		{E9798BE9-FBB1-48D1-A501-6AA234C9156D}.Debug|x64.Build.0 = Debug|x64
		{E9798BE9-FBB1-48D1-A501-6AA234C9156D}.Debug|x86.ActiveCfg = Debug|x64
		{E9798BE9-FBB1-48D1-A501-6AA234C9156D}.Debug|x86.Build.0 = Debug|x64
		{E9798BE9-FBB1-48D1-A501-6AA234C9156D}.Release|x64.ActiveCfg = Release|x64
		{E9798BE9-FBB1-48D1-A501-6AA234C9156D}.Release|x64.Build.0 = Release|x64
		{E9798BE9-FBB1-48D1-A501-6AA234C9156D}.Release|x86.ActiveCfg = Release|x64
		{E9798BE9-FBB1-48D1-A501-6AA234C9156D}.Release|x86.Build.0 = Release|x64
		{2DEAE56C-A56F-4722-B7BC-F35672243E9A}.Debug|x64.ActiveCfg = Debug|x64
		{2DEAE56C-A56F-4722-B7BC-F35672243E9A}.Debug|x64.Build.0 = Debug|x64
		{2DEAE56C-A56F-4722-B7BC-F35672243E9A}.Debug|x86.ActiveCfg = Debug|x64
		{2DEAE56C-A56F-4722-B7BC-F35672243E9A}.Release|x64.ActiveCfg = Release|x64
		{2DEAE56C-A56F-4722-B7BC-F35672243E9A}.Release|x64.Build.0 = Release|x64
		{2DEAE56C-A56F-4722-B7BC-F35672243E9A}.Release|x86.ActiveCfg = Release|x64
		{51AB855B-A646-4E42-9833-E513C35E9EE4}.Debug|x64.ActiveCfg = Debug|x64
		{51AB855B-A646-4E42-9833-E513C35E9EE4}.Debug|x64.Build.0 = Debug|x64
		{51AB855B-A646-4E42-9833-E513C35E9EE4}.Debug|x86.ActiveCfg = Debug|x64
		{51AB855B-A646-4E42-9833-E513C35E9EE4}.Release|x64.ActiveCfg = Release|x64
		{51AB855B-A646-4E42-9833-E513C35E9EE4}.Release|x64.Build.0 = Release|x64
		{51AB855B-A646-4E42-9833-E513C35E9EE4}.Release|x86.ActiveCfg = Release|x64
		{217FEF64-1625-4DE2-AC44-A531103C5843}.Debug|x64.ActiveCfg = Debug|x64
		{217FEF64-1625-4DE2-AC44-A531103C5843}.Debug|x64.Build.0 = Debug|x64
		{217FEF64-1625-4DE2-AC44-A531103C5843}.Debug|x86.ActiveCfg = Debug|x64
		{217FEF64-1625-4DE2-AC44-A531103C5843}.Release|x64.ActiveCfg = Release|x64
		{217FEF64-1625-4DE2-AC44-A531103C5843}.Release|x64.Build.0 = Release|x64
		{217FEF64-1625-4DE2-AC44-A531103C5843}.Release|x86.ActiveCfg = Release|x64
	EndGlobalSection
	GlobalSection(SolutionProperties) = preSolution
		HideSolutionNode = FALSE
	EndGlobalSection
	GlobalSection(NestedProjects) = preSolution
		{01D864A5-9BA6-4EA0-AD1B-356D499A8A69} = {F6320EEC-8897-4120-8F93-0F47D9119BC5}
		{3EB7137A-CAB6-4111-A3B6-0A63E54174FE} = {01D864A5-9BA6-4EA0-AD1B-356D499A8A69}
		{3C95AB7A-1F33-47EB-AE7B-F66B061A7F3A} = {01D864A5-9BA6-4EA0-AD1B-356D499A8A69}
		{6C27F138-6E77-4737-A681-AE18A3916284} = {01D864A5-9BA6-4EA0-AD1B-356D499A8A69}
		{7AD6ABA6-D9BA-4856-B5CF-C0C3B3064979} = {01D864A5-9BA6-4EA0-AD1B-356D499A8A69}
		{4BE915D6-EBC5-4510-8749-56D595D74693} = {F6320EEC-8897-4120-8F93-0F47D9119BC5}
		{40981D7A-EE74-48CE-A848-9C4F77C52F62} = {4BE915D6-EBC5-4510-8749-56D595D74693}
		{5B448017-3F97-4DB9-9BD6-E6F3D9983005} = {4BE915D6-EBC5-4510-8749-56D595D74693}
		{B6655470-2D92-4C5D-BEB4-502D449A612D} = {F6320EEC-8897-4120-8F93-0F47D9119BC5}
		{AFF42E72-182F-436E-8FEF-DF05524885C0} = {F6320EEC-8897-4120-8F93-0F47D9119BC5}
		{20407A9F-5566-4283-B57D-C4DB02E57800} = {F6320EEC-8897-4120-8F93-0F47D9119BC5}
		{8758C7EE-EBDA-4D48-B29C-5C22BBB1FB02} = {01D864A5-9BA6-4EA0-AD1B-356D499A8A69}
		{E9798BE9-FBB1-48D1-A501-6AA234C9156D} = {F6320EEC-8897-4120-8F93-0F47D9119BC5}
		{2DEAE56C-A56F-4722-B7BC-F35672243E9A} = {F6320EEC-8897-4120-8F93-0F47D9119BC5}
		{51AB855B-A646-4E42-9833-E513C35E9EE4} = {F6320EEC-8897-4120-8F93-0F47D9119BC5}
		{217FEF64-1625-4DE2-AC44-A531103C5843} = {BB9ABAD6-04C8-49C0-87F2-161282402E77}
	EndGlobalSection
	GlobalSection(ExtensibilityGlobals) = postSolution
		SolutionGuid = {D99B7AEB-C4D0-4D94-BED2-C3FA82491924}
	EndGlobalSection
EndGlobal
